
Microsoft Visual Studio Solution File, Format Version 12.00
# Visual Studio Version 17
VisualStudioVersion = 17.7.34031.279
MinimumVisualStudioVersion = 10.0.40219.1
Project("{FAE04EC0-301F-11D3-BF4B-00C04F79EFBC}") = "MS", "MS\MS.csproj", "{F9EB9D5E-E8D6-4125-991E-D3A11F227977}"
EndProject
Global
	GlobalSection(SolutionConfigurationPlatforms) = preSolution
		Debug|Any CPU = Debug|Any CPU
		Release|Any CPU = Release|Any CPU
	EndGlobalSection
	GlobalSection(ProjectConfigurationPlatforms) = postSolution
		{F9EB9D5E-E8D6-4125-991E-D3A11F227977}.Debug|Any CPU.ActiveCfg = Debug|Any CPU
		{F9EB9D5E-E8D6-4125-991E-D3A11F227977}.Debug|Any CPU.Build.0 = Debug|Any CPU
		{F9EB9D5E-E8D6-4125-991E-D3A11F227977}.Release|Any CPU.ActiveCfg = Release|Any CPU
		{F9EB9D5E-E8D6-4125-991E-D3A11F227977}.Release|Any CPU.Build.0 = Release|Any CPU
	EndGlobalSection
	GlobalSection(SolutionProperties) = preSolution
		HideSolutionNode = FALSE
	EndGlobalSection
	GlobalSection(ExtensibilityGlobals) = postSolution
		SolutionGuid = {2DBF7CE2-8D50-4373-AA1A-83D0B516B24E}
	EndGlobalSection
EndGlobal
